
Microsoft Visual Studio Solution File, Format Version 12.00
# Visual Studio 15
VisualStudioVersion = 15.0.27130.2024
MinimumVisualStudioVersion = 10.0.40219.1
Project("{FAE04EC0-301F-11D3-BF4B-00C04F79EFBC}") = "MqttController.Android", "MqttController\MqttController.Android\MqttController.Android.csproj", "{EDA84B11-B02D-40A0-8D8A-2D9BC6F9F5E0}"
EndProject
Project("{FAE04EC0-301F-11D3-BF4B-00C04F79EFBC}") = "MqttController.iOS", "MqttController\MqttController.iOS\MqttController.iOS.csproj", "{FAC6DE2F-FD2D-40F1-B998-68AC1BBA789A}"
EndProject
Project("{FAE04EC0-301F-11D3-BF4B-00C04F79EFBC}") = "MqttController.UWP", "MqttController\MqttController.UWP\MqttController.UWP.csproj", "{ACC9BA54-F8FA-4A74-AC68-4F1F681C80B4}"
EndProject
Project("{D954291E-2A0B-460D-934E-DC6B0785DB48}") = "MqttController", "MqttController\MqttController\MqttController.shproj", "{B886F337-BFD1-477C-B8D6-C123FBB0059F}"
EndProject
Global
	GlobalSection(SharedMSBuildProjectFiles) = preSolution
		MqttController\MqttController\MqttController.projitems*{acc9ba54-f8fa-4a74-ac68-4f1f681c80b4}*SharedItemsImports = 4
		MqttController\MqttController\MqttController.projitems*{b886f337-bfd1-477c-b8d6-c123fbb0059f}*SharedItemsImports = 13
		MqttController\MqttController\MqttController.projitems*{eda84b11-b02d-40a0-8d8a-2d9bc6f9f5e0}*SharedItemsImports = 4
		MqttController\MqttController\MqttController.projitems*{fac6de2f-fd2d-40f1-b998-68ac1bba789a}*SharedItemsImports = 4
	EndGlobalSection
	GlobalSection(SolutionConfigurationPlatforms) = preSolution
		Ad-Hoc|Any CPU = Ad-Hoc|Any CPU
		Ad-Hoc|ARM = Ad-Hoc|ARM
		Ad-Hoc|iPhone = Ad-Hoc|iPhone
		Ad-Hoc|iPhoneSimulator = Ad-Hoc|iPhoneSimulator
		Ad-Hoc|x64 = Ad-Hoc|x64
		Ad-Hoc|x86 = Ad-Hoc|x86
		AppStore|Any CPU = AppStore|Any CPU
		AppStore|ARM = AppStore|ARM
		AppStore|iPhone = AppStore|iPhone
		AppStore|iPhoneSimulator = AppStore|iPhoneSimulator
		AppStore|x64 = AppStore|x64
		AppStore|x86 = AppStore|x86
		Debug|Any CPU = Debug|Any CPU
		Debug|ARM = Debug|ARM
		Debug|iPhone = Debug|iPhone
		Debug|iPhoneSimulator = Debug|iPhoneSimulator
		Debug|x64 = Debug|x64
		Debug|x86 = Debug|x86
		Release|Any CPU = Release|Any CPU
		Release|ARM = Release|ARM
		Release|iPhone = Release|iPhone
		Release|iPhoneSimulator = Release|iPhoneSimulator
		Release|x64 = Release|x64
		Release|x86 = Release|x86
	EndGlobalSection
	GlobalSection(ProjectConfigurationPlatforms) = postSolution
		{EDA84B11-B02D-40A0-8D8A-2D9BC6F9F5E0}.Ad-Hoc|Any CPU.ActiveCfg = Release|Any CPU
		{EDA84B11-B02D-40A0-8D8A-2D9BC6F9F5E0}.Ad-Hoc|Any CPU.Build.0 = Release|Any CPU
		{EDA84B11-B02D-40A0-8D8A-2D9BC6F9F5E0}.Ad-Hoc|Any CPU.Deploy.0 = Release|Any CPU
		{EDA84B11-B02D-40A0-8D8A-2D9BC6F9F5E0}.Ad-Hoc|ARM.ActiveCfg = Release|Any CPU
		{EDA84B11-B02D-40A0-8D8A-2D9BC6F9F5E0}.Ad-Hoc|ARM.Build.0 = Release|Any CPU
		{EDA84B11-B02D-40A0-8D8A-2D9BC6F9F5E0}.Ad-Hoc|ARM.Deploy.0 = Release|Any CPU
		{EDA84B11-B02D-40A0-8D8A-2D9BC6F9F5E0}.Ad-Hoc|iPhone.ActiveCfg = Release|Any CPU
		{EDA84B11-B02D-40A0-8D8A-2D9BC6F9F5E0}.Ad-Hoc|iPhone.Build.0 = Release|Any CPU
		{EDA84B11-B02D-40A0-8D8A-2D9BC6F9F5E0}.Ad-Hoc|iPhone.Deploy.0 = Release|Any CPU
		{EDA84B11-B02D-40A0-8D8A-2D9BC6F9F5E0}.Ad-Hoc|iPhoneSimulator.ActiveCfg = Release|Any CPU
		{EDA84B11-B02D-40A0-8D8A-2D9BC6F9F5E0}.Ad-Hoc|iPhoneSimulator.Build.0 = Release|Any CPU
		{EDA84B11-B02D-40A0-8D8A-2D9BC6F9F5E0}.Ad-Hoc|iPhoneSimulator.Deploy.0 = Release|Any CPU
		{EDA84B11-B02D-40A0-8D8A-2D9BC6F9F5E0}.Ad-Hoc|x64.ActiveCfg = Release|Any CPU
		{EDA84B11-B02D-40A0-8D8A-2D9BC6F9F5E0}.Ad-Hoc|x64.Build.0 = Release|Any CPU
		{EDA84B11-B02D-40A0-8D8A-2D9BC6F9F5E0}.Ad-Hoc|x64.Deploy.0 = Release|Any CPU
		{EDA84B11-B02D-40A0-8D8A-2D9BC6F9F5E0}.Ad-Hoc|x86.ActiveCfg = Release|Any CPU
		{EDA84B11-B02D-40A0-8D8A-2D9BC6F9F5E0}.Ad-Hoc|x86.Build.0 = Release|Any CPU
		{EDA84B11-B02D-40A0-8D8A-2D9BC6F9F5E0}.Ad-Hoc|x86.Deploy.0 = Release|Any CPU
		{EDA84B11-B02D-40A0-8D8A-2D9BC6F9F5E0}.AppStore|Any CPU.ActiveCfg = Release|Any CPU
		{EDA84B11-B02D-40A0-8D8A-2D9BC6F9F5E0}.AppStore|Any CPU.Build.0 = Release|Any CPU
		{EDA84B11-B02D-40A0-8D8A-2D9BC6F9F5E0}.AppStore|Any CPU.Deploy.0 = Release|Any CPU
		{EDA84B11-B02D-40A0-8D8A-2D9BC6F9F5E0}.AppStore|ARM.ActiveCfg = Release|Any CPU
		{EDA84B11-B02D-40A0-8D8A-2D9BC6F9F5E0}.AppStore|ARM.Build.0 = Release|Any CPU
		{EDA84B11-B02D-40A0-8D8A-2D9BC6F9F5E0}.AppStore|ARM.Deploy.0 = Release|Any CPU
		{EDA84B11-B02D-40A0-8D8A-2D9BC6F9F5E0}.AppStore|iPhone.ActiveCfg = Release|Any CPU
		{EDA84B11-B02D-40A0-8D8A-2D9BC6F9F5E0}.AppStore|iPhone.Build.0 = Release|Any CPU
		{EDA84B11-B02D-40A0-8D8A-2D9BC6F9F5E0}.AppStore|iPhone.Deploy.0 = Release|Any CPU
		{EDA84B11-B02D-40A0-8D8A-2D9BC6F9F5E0}.AppStore|iPhoneSimulator.ActiveCfg = Release|Any CPU
		{EDA84B11-B02D-40A0-8D8A-2D9BC6F9F5E0}.AppStore|iPhoneSimulator.Build.0 = Release|Any CPU
		{EDA84B11-B02D-40A0-8D8A-2D9BC6F9F5E0}.AppStore|iPhoneSimulator.Deploy.0 = Release|Any CPU
		{EDA84B11-B02D-40A0-8D8A-2D9BC6F9F5E0}.AppStore|x64.ActiveCfg = Release|Any CPU
		{EDA84B11-B02D-40A0-8D8A-2D9BC6F9F5E0}.AppStore|x64.Build.0 = Release|Any CPU
		{EDA84B11-B02D-40A0-8D8A-2D9BC6F9F5E0}.AppStore|x64.Deploy.0 = Release|Any CPU
		{EDA84B11-B02D-40A0-8D8A-2D9BC6F9F5E0}.AppStore|x86.ActiveCfg = Release|Any CPU
		{EDA84B11-B02D-40A0-8D8A-2D9BC6F9F5E0}.AppStore|x86.Build.0 = Release|Any CPU
		{EDA84B11-B02D-40A0-8D8A-2D9BC6F9F5E0}.AppStore|x86.Deploy.0 = Release|Any CPU
		{EDA84B11-B02D-40A0-8D8A-2D9BC6F9F5E0}.Debug|Any CPU.ActiveCfg = Debug|Any CPU
		{EDA84B11-B02D-40A0-8D8A-2D9BC6F9F5E0}.Debug|Any CPU.Build.0 = Debug|Any CPU
		{EDA84B11-B02D-40A0-8D8A-2D9BC6F9F5E0}.Debug|Any CPU.Deploy.0 = Debug|Any CPU
		{EDA84B11-B02D-40A0-8D8A-2D9BC6F9F5E0}.Debug|ARM.ActiveCfg = Debug|Any CPU
		{EDA84B11-B02D-40A0-8D8A-2D9BC6F9F5E0}.Debug|ARM.Build.0 = Debug|Any CPU
		{EDA84B11-B02D-40A0-8D8A-2D9BC6F9F5E0}.Debug|ARM.Deploy.0 = Debug|Any CPU
		{EDA84B11-B02D-40A0-8D8A-2D9BC6F9F5E0}.Debug|iPhone.ActiveCfg = Debug|Any CPU
		{EDA84B11-B02D-40A0-8D8A-2D9BC6F9F5E0}.Debug|iPhone.Build.0 = Debug|Any CPU
		{EDA84B11-B02D-40A0-8D8A-2D9BC6F9F5E0}.Debug|iPhone.Deploy.0 = Debug|Any CPU
		{EDA84B11-B02D-40A0-8D8A-2D9BC6F9F5E0}.Debug|iPhoneSimulator.ActiveCfg = Debug|Any CPU
		{EDA84B11-B02D-40A0-8D8A-2D9BC6F9F5E0}.Debug|iPhoneSimulator.Build.0 = Debug|Any CPU
		{EDA84B11-B02D-40A0-8D8A-2D9BC6F9F5E0}.Debug|iPhoneSimulator.Deploy.0 = Debug|Any CPU
		{EDA84B11-B02D-40A0-8D8A-2D9BC6F9F5E0}.Debug|x64.ActiveCfg = Debug|Any CPU
		{EDA84B11-B02D-40A0-8D8A-2D9BC6F9F5E0}.Debug|x64.Build.0 = Debug|Any CPU
		{EDA84B11-B02D-40A0-8D8A-2D9BC6F9F5E0}.Debug|x64.Deploy.0 = Debug|Any CPU
		{EDA84B11-B02D-40A0-8D8A-2D9BC6F9F5E0}.Debug|x86.ActiveCfg = Debug|Any CPU
		{EDA84B11-B02D-40A0-8D8A-2D9BC6F9F5E0}.Debug|x86.Build.0 = Debug|Any CPU
		{EDA84B11-B02D-40A0-8D8A-2D9BC6F9F5E0}.Debug|x86.Deploy.0 = Debug|Any CPU
		{EDA84B11-B02D-40A0-8D8A-2D9BC6F9F5E0}.Release|Any CPU.ActiveCfg = Release|Any CPU
		{EDA84B11-B02D-40A0-8D8A-2D9BC6F9F5E0}.Release|Any CPU.Build.0 = Release|Any CPU
		{EDA84B11-B02D-40A0-8D8A-2D9BC6F9F5E0}.Release|Any CPU.Deploy.0 = Release|Any CPU
		{EDA84B11-B02D-40A0-8D8A-2D9BC6F9F5E0}.Release|ARM.ActiveCfg = Release|Any CPU
		{EDA84B11-B02D-40A0-8D8A-2D9BC6F9F5E0}.Release|ARM.Build.0 = Release|Any CPU
		{EDA84B11-B02D-40A0-8D8A-2D9BC6F9F5E0}.Release|ARM.Deploy.0 = Release|Any CPU
		{EDA84B11-B02D-40A0-8D8A-2D9BC6F9F5E0}.Release|iPhone.ActiveCfg = Release|Any CPU
		{EDA84B11-B02D-40A0-8D8A-2D9BC6F9F5E0}.Release|iPhone.Build.0 = Release|Any CPU
		{EDA84B11-B02D-40A0-8D8A-2D9BC6F9F5E0}.Release|iPhone.Deploy.0 = Release|Any CPU
		{EDA84B11-B02D-40A0-8D8A-2D9BC6F9F5E0}.Release|iPhoneSimulator.ActiveCfg = Release|Any CPU
		{EDA84B11-B02D-40A0-8D8A-2D9BC6F9F5E0}.Release|iPhoneSimulator.Build.0 = Release|Any CPU
		{EDA84B11-B02D-40A0-8D8A-2D9BC6F9F5E0}.Release|iPhoneSimulator.Deploy.0 = Release|Any CPU
		{EDA84B11-B02D-40A0-8D8A-2D9BC6F9F5E0}.Release|x64.ActiveCfg = Release|Any CPU
		{EDA84B11-B02D-40A0-8D8A-2D9BC6F9F5E0}.Release|x64.Build.0 = Release|Any CPU
		{EDA84B11-B02D-40A0-8D8A-2D9BC6F9F5E0}.Release|x64.Deploy.0 = Release|Any CPU
		{EDA84B11-B02D-40A0-8D8A-2D9BC6F9F5E0}.Release|x86.ActiveCfg = Release|Any CPU
		{EDA84B11-B02D-40A0-8D8A-2D9BC6F9F5E0}.Release|x86.Build.0 = Release|Any CPU
		{EDA84B11-B02D-40A0-8D8A-2D9BC6F9F5E0}.Release|x86.Deploy.0 = Release|Any CPU
		{FAC6DE2F-FD2D-40F1-B998-68AC1BBA789A}.Ad-Hoc|Any CPU.ActiveCfg = Ad-Hoc|iPhone
		{FAC6DE2F-FD2D-40F1-B998-68AC1BBA789A}.Ad-Hoc|ARM.ActiveCfg = Ad-Hoc|iPhone
		{FAC6DE2F-FD2D-40F1-B998-68AC1BBA789A}.Ad-Hoc|iPhone.ActiveCfg = Ad-Hoc|iPhone
		{FAC6DE2F-FD2D-40F1-B998-68AC1BBA789A}.Ad-Hoc|iPhone.Build.0 = Ad-Hoc|iPhone
		{FAC6DE2F-FD2D-40F1-B998-68AC1BBA789A}.Ad-Hoc|iPhoneSimulator.ActiveCfg = Ad-Hoc|iPhoneSimulator
		{FAC6DE2F-FD2D-40F1-B998-68AC1BBA789A}.Ad-Hoc|iPhoneSimulator.Build.0 = Ad-Hoc|iPhoneSimulator
		{FAC6DE2F-FD2D-40F1-B998-68AC1BBA789A}.Ad-Hoc|x64.ActiveCfg = Ad-Hoc|iPhone
		{FAC6DE2F-FD2D-40F1-B998-68AC1BBA789A}.Ad-Hoc|x86.ActiveCfg = Ad-Hoc|iPhone
		{FAC6DE2F-FD2D-40F1-B998-68AC1BBA789A}.AppStore|Any CPU.ActiveCfg = AppStore|iPhone
		{FAC6DE2F-FD2D-40F1-B998-68AC1BBA789A}.AppStore|ARM.ActiveCfg = AppStore|iPhone
		{FAC6DE2F-FD2D-40F1-B998-68AC1BBA789A}.AppStore|iPhone.ActiveCfg = AppStore|iPhone
		{FAC6DE2F-FD2D-40F1-B998-68AC1BBA789A}.AppStore|iPhone.Build.0 = AppStore|iPhone
		{FAC6DE2F-FD2D-40F1-B998-68AC1BBA789A}.AppStore|iPhoneSimulator.ActiveCfg = AppStore|iPhoneSimulator
		{FAC6DE2F-FD2D-40F1-B998-68AC1BBA789A}.AppStore|iPhoneSimulator.Build.0 = AppStore|iPhoneSimulator
		{FAC6DE2F-FD2D-40F1-B998-68AC1BBA789A}.AppStore|x64.ActiveCfg = AppStore|iPhone
		{FAC6DE2F-FD2D-40F1-B998-68AC1BBA789A}.AppStore|x86.ActiveCfg = AppStore|iPhone
		{FAC6DE2F-FD2D-40F1-B998-68AC1BBA789A}.Debug|Any CPU.ActiveCfg = Debug|iPhone
		{FAC6DE2F-FD2D-40F1-B998-68AC1BBA789A}.Debug|ARM.ActiveCfg = Debug|iPhone
		{FAC6DE2F-FD2D-40F1-B998-68AC1BBA789A}.Debug|iPhone.ActiveCfg = Debug|iPhone
		{FAC6DE2F-FD2D-40F1-B998-68AC1BBA789A}.Debug|iPhone.Build.0 = Debug|iPhone
		{FAC6DE2F-FD2D-40F1-B998-68AC1BBA789A}.Debug|iPhoneSimulator.ActiveCfg = Debug|iPhoneSimulator
		{FAC6DE2F-FD2D-40F1-B998-68AC1BBA789A}.Debug|iPhoneSimulator.Build.0 = Debug|iPhoneSimulator
		{FAC6DE2F-FD2D-40F1-B998-68AC1BBA789A}.Debug|x64.ActiveCfg = Debug|iPhone
		{FAC6DE2F-FD2D-40F1-B998-68AC1BBA789A}.Debug|x86.ActiveCfg = Debug|iPhone
		{FAC6DE2F-FD2D-40F1-B998-68AC1BBA789A}.Release|Any CPU.ActiveCfg = Release|iPhone
		{FAC6DE2F-FD2D-40F1-B998-68AC1BBA789A}.Release|ARM.ActiveCfg = Release|iPhone
		{FAC6DE2F-FD2D-40F1-B998-68AC1BBA789A}.Release|iPhone.ActiveCfg = Release|iPhone
		{FAC6DE2F-FD2D-40F1-B998-68AC1BBA789A}.Release|iPhone.Build.0 = Release|iPhone
		{FAC6DE2F-FD2D-40F1-B998-68AC1BBA789A}.Release|iPhoneSimulator.ActiveCfg = Release|iPhoneSimulator
		{FAC6DE2F-FD2D-40F1-B998-68AC1BBA789A}.Release|iPhoneSimulator.Build.0 = Release|iPhoneSimulator
		{FAC6DE2F-FD2D-40F1-B998-68AC1BBA789A}.Release|x64.ActiveCfg = Release|iPhone
		{FAC6DE2F-FD2D-40F1-B998-68AC1BBA789A}.Release|x86.ActiveCfg = Release|iPhone
		{ACC9BA54-F8FA-4A74-AC68-4F1F681C80B4}.Ad-Hoc|Any CPU.ActiveCfg = Release|x86
		{ACC9BA54-F8FA-4A74-AC68-4F1F681C80B4}.Ad-Hoc|Any CPU.Build.0 = Release|x86
		{ACC9BA54-F8FA-4A74-AC68-4F1F681C80B4}.Ad-Hoc|Any CPU.Deploy.0 = Release|x86
		{ACC9BA54-F8FA-4A74-AC68-4F1F681C80B4}.Ad-Hoc|ARM.ActiveCfg = Release|ARM
		{ACC9BA54-F8FA-4A74-AC68-4F1F681C80B4}.Ad-Hoc|ARM.Build.0 = Release|ARM
		{ACC9BA54-F8FA-4A74-AC68-4F1F681C80B4}.Ad-Hoc|ARM.Deploy.0 = Release|ARM
		{ACC9BA54-F8FA-4A74-AC68-4F1F681C80B4}.Ad-Hoc|iPhone.ActiveCfg = Release|x86
		{ACC9BA54-F8FA-4A74-AC68-4F1F681C80B4}.Ad-Hoc|iPhone.Build.0 = Release|x86
		{ACC9BA54-F8FA-4A74-AC68-4F1F681C80B4}.Ad-Hoc|iPhone.Deploy.0 = Release|x86
		{ACC9BA54-F8FA-4A74-AC68-4F1F681C80B4}.Ad-Hoc|iPhoneSimulator.ActiveCfg = Release|x86
		{ACC9BA54-F8FA-4A74-AC68-4F1F681C80B4}.Ad-Hoc|iPhoneSimulator.Build.0 = Release|x86
		{ACC9BA54-F8FA-4A74-AC68-4F1F681C80B4}.Ad-Hoc|iPhoneSimulator.Deploy.0 = Release|x86
		{ACC9BA54-F8FA-4A74-AC68-4F1F681C80B4}.Ad-Hoc|x64.ActiveCfg = Release|x64
		{ACC9BA54-F8FA-4A74-AC68-4F1F681C80B4}.Ad-Hoc|x64.Build.0 = Release|x64
		{ACC9BA54-F8FA-4A74-AC68-4F1F681C80B4}.Ad-Hoc|x64.Deploy.0 = Release|x64
		{ACC9BA54-F8FA-4A74-AC68-4F1F681C80B4}.Ad-Hoc|x86.ActiveCfg = Release|x86
		{ACC9BA54-F8FA-4A74-AC68-4F1F681C80B4}.Ad-Hoc|x86.Build.0 = Release|x86
		{ACC9BA54-F8FA-4A74-AC68-4F1F681C80B4}.Ad-Hoc|x86.Deploy.0 = Release|x86
		{ACC9BA54-F8FA-4A74-AC68-4F1F681C80B4}.AppStore|Any CPU.ActiveCfg = Release|x86
		{ACC9BA54-F8FA-4A74-AC68-4F1F681C80B4}.AppStore|Any CPU.Build.0 = Release|x86
		{ACC9BA54-F8FA-4A74-AC68-4F1F681C80B4}.AppStore|Any CPU.Deploy.0 = Release|x86
		{ACC9BA54-F8FA-4A74-AC68-4F1F681C80B4}.AppStore|ARM.ActiveCfg = Release|ARM
		{ACC9BA54-F8FA-4A74-AC68-4F1F681C80B4}.AppStore|ARM.Build.0 = Release|ARM
		{ACC9BA54-F8FA-4A74-AC68-4F1F681C80B4}.AppStore|ARM.Deploy.0 = Release|ARM
		{ACC9BA54-F8FA-4A74-AC68-4F1F681C80B4}.AppStore|iPhone.ActiveCfg = Release|x86
		{ACC9BA54-F8FA-4A74-AC68-4F1F681C80B4}.AppStore|iPhone.Build.0 = Release|x86
		{ACC9BA54-F8FA-4A74-AC68-4F1F681C80B4}.AppStore|iPhone.Deploy.0 = Release|x86
		{ACC9BA54-F8FA-4A74-AC68-4F1F681C80B4}.AppStore|iPhoneSimulator.ActiveCfg = Release|x86
		{ACC9BA54-F8FA-4A74-AC68-4F1F681C80B4}.AppStore|iPhoneSimulator.Build.0 = Release|x86
		{ACC9BA54-F8FA-4A74-AC68-4F1F681C80B4}.AppStore|iPhoneSimulator.Deploy.0 = Release|x86
		{ACC9BA54-F8FA-4A74-AC68-4F1F681C80B4}.AppStore|x64.ActiveCfg = Release|x64
		{ACC9BA54-F8FA-4A74-AC68-4F1F681C80B4}.AppStore|x64.Build.0 = Release|x64
		{ACC9BA54-F8FA-4A74-AC68-4F1F681C80B4}.AppStore|x64.Deploy.0 = Release|x64
		{ACC9BA54-F8FA-4A74-AC68-4F1F681C80B4}.AppStore|x86.ActiveCfg = Release|x86
		{ACC9BA54-F8FA-4A74-AC68-4F1F681C80B4}.AppStore|x86.Build.0 = Release|x86
		{ACC9BA54-F8FA-4A74-AC68-4F1F681C80B4}.AppStore|x86.Deploy.0 = Release|x86
		{ACC9BA54-F8FA-4A74-AC68-4F1F681C80B4}.Debug|Any CPU.ActiveCfg = Debug|x86
		{ACC9BA54-F8FA-4A74-AC68-4F1F681C80B4}.Debug|ARM.ActiveCfg = Debug|ARM
		{ACC9BA54-F8FA-4A74-AC68-4F1F681C80B4}.Debug|ARM.Build.0 = Debug|ARM
		{ACC9BA54-F8FA-4A74-AC68-4F1F681C80B4}.Debug|ARM.Deploy.0 = Debug|ARM
		{ACC9BA54-F8FA-4A74-AC68-4F1F681C80B4}.Debug|iPhone.ActiveCfg = Debug|x86
		{ACC9BA54-F8FA-4A74-AC68-4F1F681C80B4}.Debug|iPhoneSimulator.ActiveCfg = Debug|x86
		{ACC9BA54-F8FA-4A74-AC68-4F1F681C80B4}.Debug|x64.ActiveCfg = Debug|x64
		{ACC9BA54-F8FA-4A74-AC68-4F1F681C80B4}.Debug|x64.Build.0 = Debug|x64
		{ACC9BA54-F8FA-4A74-AC68-4F1F681C80B4}.Debug|x64.Deploy.0 = Debug|x64
		{ACC9BA54-F8FA-4A74-AC68-4F1F681C80B4}.Debug|x86.ActiveCfg = Debug|x86
		{ACC9BA54-F8FA-4A74-AC68-4F1F681C80B4}.Debug|x86.Build.0 = Debug|x86
		{ACC9BA54-F8FA-4A74-AC68-4F1F681C80B4}.Debug|x86.Deploy.0 = Debug|x86
		{ACC9BA54-F8FA-4A74-AC68-4F1F681C80B4}.Release|Any CPU.ActiveCfg = Release|x86
		{ACC9BA54-F8FA-4A74-AC68-4F1F681C80B4}.Release|ARM.ActiveCfg = Release|ARM
		{ACC9BA54-F8FA-4A74-AC68-4F1F681C80B4}.Release|ARM.Build.0 = Release|ARM
		{ACC9BA54-F8FA-4A74-AC68-4F1F681C80B4}.Release|ARM.Deploy.0 = Release|ARM
		{ACC9BA54-F8FA-4A74-AC68-4F1F681C80B4}.Release|iPhone.ActiveCfg = Release|x86
		{ACC9BA54-F8FA-4A74-AC68-4F1F681C80B4}.Release|iPhoneSimulator.ActiveCfg = Release|x86
		{ACC9BA54-F8FA-4A74-AC68-4F1F681C80B4}.Release|x64.ActiveCfg = Release|x64
		{ACC9BA54-F8FA-4A74-AC68-4F1F681C80B4}.Release|x64.Build.0 = Release|x64
		{ACC9BA54-F8FA-4A74-AC68-4F1F681C80B4}.Release|x64.Deploy.0 = Release|x64
		{ACC9BA54-F8FA-4A74-AC68-4F1F681C80B4}.Release|x86.ActiveCfg = Release|x86
		{ACC9BA54-F8FA-4A74-AC68-4F1F681C80B4}.Release|x86.Build.0 = Release|x86
		{ACC9BA54-F8FA-4A74-AC68-4F1F681C80B4}.Release|x86.Deploy.0 = Release|x86
	EndGlobalSection
	GlobalSection(SolutionProperties) = preSolution
		HideSolutionNode = FALSE
	EndGlobalSection
	GlobalSection(ExtensibilityGlobals) = postSolution
		SolutionGuid = {24B5BA2D-10B6-40CE-A78F-E41ACBDA9B5B}
	EndGlobalSection
EndGlobal
